
Microsoft Visual Studio Solution File, Format Version 12.00
# Visual Studio Version 17
VisualStudioVersion = 17.14.36127.28 d17.14
MinimumVisualStudioVersion = 10.0.40219.1
Project("{FAE04EC0-301F-11D3-BF4B-00C04F79EFBC}") = "StudentDAL", "StudentDAL.csproj", "{0657E7EA-4CD9-4F84-B010-3A8EE7595E6E}"
EndProject
Project("{FAE04EC0-301F-11D3-BF4B-00C04F79EFBC}") = "StudentTests", "..\StudentTests\StudentTests.csproj", "{EB3BA36F-BEEF-4435-B198-3C76592004EA}"
EndProject
Global
	GlobalSection(SolutionConfigurationPlatforms) = preSolution
		Debug|Any CPU = Debug|Any CPU
		Release|Any CPU = Release|Any CPU
	EndGlobalSection
	GlobalSection(ProjectConfigurationPlatforms) = postSolution
		{0657E7EA-4CD9-4F84-B010-3A8EE7595E6E}.Debug|Any CPU.ActiveCfg = Debug|Any CPU
		{0657E7EA-4CD9-4F84-B010-3A8EE7595E6E}.Debug|Any CPU.Build.0 = Debug|Any CPU
		{0657E7EA-4CD9-4F84-B010-3A8EE7595E6E}.Release|Any CPU.ActiveCfg = Release|Any CPU
		{0657E7EA-4CD9-4F84-B010-3A8EE7595E6E}.Release|Any CPU.Build.0 = Release|Any CPU
		{EB3BA36F-BEEF-4435-B198-3C76592004EA}.Debug|Any CPU.ActiveCfg = Debug|Any CPU
		{EB3BA36F-BEEF-4435-B198-3C76592004EA}.Debug|Any CPU.Build.0 = Debug|Any CPU
		{EB3BA36F-BEEF-4435-B198-3C76592004EA}.Release|Any CPU.ActiveCfg = Release|Any CPU
		{EB3BA36F-BEEF-4435-B198-3C76592004EA}.Release|Any CPU.Build.0 = Release|Any CPU
	EndGlobalSection
	GlobalSection(SolutionProperties) = preSolution
		HideSolutionNode = FALSE
	EndGlobalSection
	GlobalSection(ExtensibilityGlobals) = postSolution
		SolutionGuid = {9BC70B3A-FD7B-411D-A068-7AB095228A2D}
	EndGlobalSection
EndGlobal
